
Microsoft Visual Studio Solution File, Format Version 12.00
# Visual Studio Version 16
VisualStudioVersion = 16.0.32929.386
MinimumVisualStudioVersion = 10.0.40219.1
Project("{FAE04EC0-301F-11D3-BF4B-00C04F79EFBC}") = "marketplace", "DAL\CS\marketplace.csproj", "{BB849CD2-3B6A-4A31-9F7B-8B0808938827}"
EndProject
Project("{2150E333-8FDC-42A3-9474-1A3956D46DE8}") = "Framework", "Framework", "{DB4A6C6B-9801-418C-9555-8EB6C85CC3BE}"
EndProject
Project("{FAE04EC0-301F-11D3-BF4B-00C04F79EFBC}") = "Framework", "..\Framework\Framework\Framework\Framework.csproj", "{4D33F439-7AF7-4D87-898E-73AF24D42563}"
EndProject
Project("{FAE04EC0-301F-11D3-BF4B-00C04F79EFBC}") = "Dapper", "..\Framework\3Party\Dapper\Dapper.csproj", "{EB0B7C3C-111D-4135-A7DD-C5BDAF62B64E}"
EndProject
Project("{FAE04EC0-301F-11D3-BF4B-00C04F79EFBC}") = "PTEcommerce.Web", "Presentation\PTEcommerce.Web\PTEcommerce.Web.csproj", "{ABF462F3-5B15-4E74-8DF3-F566807D93F9}"
EndProject
Project("{FAE04EC0-301F-11D3-BF4B-00C04F79EFBC}") = "PTEcommerce.Business", "Libraries\PTEcommerce.Business\PTEcommerce.Business.csproj", "{1AEBE8CA-6E3E-4C7F-A48D-D86A2D567EE3}"
EndProject
Project("{FAE04EC0-301F-11D3-BF4B-00C04F79EFBC}") = "PTEcommerce.Services.AutoCalculateResult", "PTEcommerce.Services.AutoCalculateResult\PTEcommerce.Services.AutoCalculateResult.csproj", "{90C4243E-336C-437E-ABBD-8FB2E9372A96}"
EndProject
Global
	GlobalSection(SolutionConfigurationPlatforms) = preSolution
		Debug|Any CPU = Debug|Any CPU
		Debug|x86 = Debug|x86
		QA|Any CPU = QA|Any CPU
		QA|x86 = QA|x86
		Release|Any CPU = Release|Any CPU
		Release|x86 = Release|x86
	EndGlobalSection
	GlobalSection(ProjectConfigurationPlatforms) = postSolution
		{BB849CD2-3B6A-4A31-9F7B-8B0808938827}.Debug|Any CPU.ActiveCfg = Debug|Any CPU
		{BB849CD2-3B6A-4A31-9F7B-8B0808938827}.Debug|Any CPU.Build.0 = Debug|Any CPU
		{BB849CD2-3B6A-4A31-9F7B-8B0808938827}.Debug|x86.ActiveCfg = Debug|Any CPU
		{BB849CD2-3B6A-4A31-9F7B-8B0808938827}.Debug|x86.Build.0 = Debug|Any CPU
		{BB849CD2-3B6A-4A31-9F7B-8B0808938827}.QA|Any CPU.ActiveCfg = QA|Any CPU
		{BB849CD2-3B6A-4A31-9F7B-8B0808938827}.QA|Any CPU.Build.0 = QA|Any CPU
		{BB849CD2-3B6A-4A31-9F7B-8B0808938827}.QA|x86.ActiveCfg = QA|Any CPU
		{BB849CD2-3B6A-4A31-9F7B-8B0808938827}.QA|x86.Build.0 = QA|Any CPU
		{BB849CD2-3B6A-4A31-9F7B-8B0808938827}.Release|Any CPU.ActiveCfg = Release|Any CPU
		{BB849CD2-3B6A-4A31-9F7B-8B0808938827}.Release|Any CPU.Build.0 = Release|Any CPU
		{BB849CD2-3B6A-4A31-9F7B-8B0808938827}.Release|x86.ActiveCfg = Release|Any CPU
		{BB849CD2-3B6A-4A31-9F7B-8B0808938827}.Release|x86.Build.0 = Release|Any CPU
		{4D33F439-7AF7-4D87-898E-73AF24D42563}.Debug|Any CPU.ActiveCfg = Debug|Any CPU
		{4D33F439-7AF7-4D87-898E-73AF24D42563}.Debug|Any CPU.Build.0 = Debug|Any CPU
		{4D33F439-7AF7-4D87-898E-73AF24D42563}.Debug|x86.ActiveCfg = Debug|Any CPU
		{4D33F439-7AF7-4D87-898E-73AF24D42563}.Debug|x86.Build.0 = Debug|Any CPU
		{4D33F439-7AF7-4D87-898E-73AF24D42563}.QA|Any CPU.ActiveCfg = QA|Any CPU
		{4D33F439-7AF7-4D87-898E-73AF24D42563}.QA|Any CPU.Build.0 = QA|Any CPU
		{4D33F439-7AF7-4D87-898E-73AF24D42563}.QA|x86.ActiveCfg = QA|Any CPU
		{4D33F439-7AF7-4D87-898E-73AF24D42563}.QA|x86.Build.0 = QA|Any CPU
		{4D33F439-7AF7-4D87-898E-73AF24D42563}.Release|Any CPU.ActiveCfg = Release|Any CPU
		{4D33F439-7AF7-4D87-898E-73AF24D42563}.Release|Any CPU.Build.0 = Release|Any CPU
		{4D33F439-7AF7-4D87-898E-73AF24D42563}.Release|x86.ActiveCfg = Release|Any CPU
		{4D33F439-7AF7-4D87-898E-73AF24D42563}.Release|x86.Build.0 = Release|Any CPU
		{EB0B7C3C-111D-4135-A7DD-C5BDAF62B64E}.Debug|Any CPU.ActiveCfg = Debug|Any CPU
		{EB0B7C3C-111D-4135-A7DD-C5BDAF62B64E}.Debug|Any CPU.Build.0 = Debug|Any CPU
		{EB0B7C3C-111D-4135-A7DD-C5BDAF62B64E}.Debug|x86.ActiveCfg = Debug|x86
		{EB0B7C3C-111D-4135-A7DD-C5BDAF62B64E}.Debug|x86.Build.0 = Debug|x86
		{EB0B7C3C-111D-4135-A7DD-C5BDAF62B64E}.QA|Any CPU.ActiveCfg = Release|Any CPU
		{EB0B7C3C-111D-4135-A7DD-C5BDAF62B64E}.QA|x86.ActiveCfg = Release|x86
		{EB0B7C3C-111D-4135-A7DD-C5BDAF62B64E}.Release|Any CPU.ActiveCfg = Release|Any CPU
		{EB0B7C3C-111D-4135-A7DD-C5BDAF62B64E}.Release|Any CPU.Build.0 = Release|Any CPU
		{EB0B7C3C-111D-4135-A7DD-C5BDAF62B64E}.Release|x86.ActiveCfg = Release|x86
		{EB0B7C3C-111D-4135-A7DD-C5BDAF62B64E}.Release|x86.Build.0 = Release|x86
		{ABF462F3-5B15-4E74-8DF3-F566807D93F9}.Debug|Any CPU.ActiveCfg = Debug|Any CPU
		{ABF462F3-5B15-4E74-8DF3-F566807D93F9}.Debug|Any CPU.Build.0 = Debug|Any CPU
		{ABF462F3-5B15-4E74-8DF3-F566807D93F9}.Debug|x86.ActiveCfg = Debug|Any CPU
		{ABF462F3-5B15-4E74-8DF3-F566807D93F9}.Debug|x86.Build.0 = Debug|Any CPU
		{ABF462F3-5B15-4E74-8DF3-F566807D93F9}.QA|Any CPU.ActiveCfg = QA|Any CPU
		{ABF462F3-5B15-4E74-8DF3-F566807D93F9}.QA|Any CPU.Build.0 = QA|Any CPU
		{ABF462F3-5B15-4E74-8DF3-F566807D93F9}.QA|x86.ActiveCfg = QA|Any CPU
		{ABF462F3-5B15-4E74-8DF3-F566807D93F9}.QA|x86.Build.0 = QA|Any CPU
		{ABF462F3-5B15-4E74-8DF3-F566807D93F9}.Release|Any CPU.ActiveCfg = Release|Any CPU
		{ABF462F3-5B15-4E74-8DF3-F566807D93F9}.Release|Any CPU.Build.0 = Release|Any CPU
		{ABF462F3-5B15-4E74-8DF3-F566807D93F9}.Release|x86.ActiveCfg = Release|Any CPU
		{ABF462F3-5B15-4E74-8DF3-F566807D93F9}.Release|x86.Build.0 = Release|Any CPU
		{1AEBE8CA-6E3E-4C7F-A48D-D86A2D567EE3}.Debug|Any CPU.ActiveCfg = Debug|Any CPU
		{1AEBE8CA-6E3E-4C7F-A48D-D86A2D567EE3}.Debug|Any CPU.Build.0 = Debug|Any CPU
		{1AEBE8CA-6E3E-4C7F-A48D-D86A2D567EE3}.Debug|x86.ActiveCfg = Debug|Any CPU
		{1AEBE8CA-6E3E-4C7F-A48D-D86A2D567EE3}.Debug|x86.Build.0 = Debug|Any CPU
		{1AEBE8CA-6E3E-4C7F-A48D-D86A2D567EE3}.QA|Any CPU.ActiveCfg = QA|Any CPU
		{1AEBE8CA-6E3E-4C7F-A48D-D86A2D567EE3}.QA|Any CPU.Build.0 = QA|Any CPU
		{1AEBE8CA-6E3E-4C7F-A48D-D86A2D567EE3}.QA|x86.ActiveCfg = QA|Any CPU
		{1AEBE8CA-6E3E-4C7F-A48D-D86A2D567EE3}.QA|x86.Build.0 = QA|Any CPU
		{1AEBE8CA-6E3E-4C7F-A48D-D86A2D567EE3}.Release|Any CPU.ActiveCfg = Release|Any CPU
		{1AEBE8CA-6E3E-4C7F-A48D-D86A2D567EE3}.Release|Any CPU.Build.0 = Release|Any CPU
		{1AEBE8CA-6E3E-4C7F-A48D-D86A2D567EE3}.Release|x86.ActiveCfg = Release|Any CPU
		{1AEBE8CA-6E3E-4C7F-A48D-D86A2D567EE3}.Release|x86.Build.0 = Release|Any CPU
		{90C4243E-336C-437E-ABBD-8FB2E9372A96}.Debug|Any CPU.ActiveCfg = Debug|Any CPU
		{90C4243E-336C-437E-ABBD-8FB2E9372A96}.Debug|Any CPU.Build.0 = Debug|Any CPU
		{90C4243E-336C-437E-ABBD-8FB2E9372A96}.Debug|x86.ActiveCfg = Debug|Any CPU
		{90C4243E-336C-437E-ABBD-8FB2E9372A96}.Debug|x86.Build.0 = Debug|Any CPU
		{90C4243E-336C-437E-ABBD-8FB2E9372A96}.QA|Any CPU.ActiveCfg = Debug|Any CPU
		{90C4243E-336C-437E-ABBD-8FB2E9372A96}.QA|Any CPU.Build.0 = Debug|Any CPU
		{90C4243E-336C-437E-ABBD-8FB2E9372A96}.QA|x86.ActiveCfg = Debug|Any CPU
		{90C4243E-336C-437E-ABBD-8FB2E9372A96}.QA|x86.Build.0 = Debug|Any CPU
		{90C4243E-336C-437E-ABBD-8FB2E9372A96}.Release|Any CPU.ActiveCfg = Release|Any CPU
		{90C4243E-336C-437E-ABBD-8FB2E9372A96}.Release|Any CPU.Build.0 = Release|Any CPU
		{90C4243E-336C-437E-ABBD-8FB2E9372A96}.Release|x86.ActiveCfg = Release|Any CPU
		{90C4243E-336C-437E-ABBD-8FB2E9372A96}.Release|x86.Build.0 = Release|Any CPU
	EndGlobalSection
	GlobalSection(SolutionProperties) = preSolution
		HideSolutionNode = FALSE
	EndGlobalSection
	GlobalSection(NestedProjects) = preSolution
		{4D33F439-7AF7-4D87-898E-73AF24D42563} = {DB4A6C6B-9801-418C-9555-8EB6C85CC3BE}
		{EB0B7C3C-111D-4135-A7DD-C5BDAF62B64E} = {DB4A6C6B-9801-418C-9555-8EB6C85CC3BE}
	EndGlobalSection
	GlobalSection(ExtensibilityGlobals) = postSolution
		SolutionGuid = {0AADC370-FCC9-4DC5-AD0D-9924DE8C13DD}
	EndGlobalSection
EndGlobal
